PODS:
  - PhoneNumberKit (3.2.0):
    - PhoneNumberKit/PhoneNumberKitCore (= 3.2.0)
    - PhoneNumberKit/UIKit (= 3.2.0)
  - PhoneNumberKit/PhoneNumberKitCore (3.2.0)
  - PhoneNumberKit/UIKit (3.2.0):
    - PhoneNumberKit/PhoneNumberKitCore

DEPENDENCIES:
  - PhoneNumberKit

SPEC REPOS:
  trunk:
    - PhoneNumberKit

SPEC CHECKSUMS:
  PhoneNumberKit: df411d46177d1492da84e10b6c093846dd861452

PODFILE CHECKSUM: 588e5144824afc7331fae17206358296aed9e92b

COCOAPODS: 1.9.1
